<?xml version="1.0" encoding="utf-8"?>
<Project ToolsVersion="4.0" xmlns="http://schemas.microsoft.com/developer/msbuild/2003">
  <ItemGroup>
    <Filter Include="Gorgo">
      <UniqueIdentifier>{A39C420D-0FB1-6ABE-D832-0E1E440667EF}</UniqueIdentifier>
    </Filter>
    <Filter Include="Gorgo\Events">
      <UniqueIdentifier>{27531BA6-13B6-AA4A-BC3B-E300A87D76CD}</UniqueIdentifier>
    </Filter>
    <Filter Include="Math">
      <UniqueIdentifier>{AFF4887C-9B2B-8A0D-4418-7010302E060F}</UniqueIdentifier>
    </Filter>
  </ItemGroup>
  <ItemGroup>
    <ClInclude Include="src\Gorgo.h" />
    <ClInclude Include="src\Gorgo\Application.h">
      <Filter>Gorgo</Filter>
    </ClInclude>
    <ClInclude Include="src\Gorgo\Core.h">
      <Filter>Gorgo</Filter>
    </ClInclude>
    <ClInclude Include="src\Gorgo\EntryPoint.h">
      <Filter>Gorgo</Filter>
    </ClInclude>
    <ClInclude Include="src\Gorgo\Events\ApplicationEvent.h">
      <Filter>Gorgo\Events</Filter>
    </ClInclude>
    <ClInclude Include="src\Gorgo\Events\Event.h">
      <Filter>Gorgo\Events</Filter>
    </ClInclude>
    <ClInclude Include="src\Gorgo\Events\KeyEvent.h">
      <Filter>Gorgo\Events</Filter>
    </ClInclude>
    <ClInclude Include="src\Gorgo\Events\MouseEvent.h">
      <Filter>Gorgo\Events</Filter>
    </ClInclude>
    <ClInclude Include="src\Gorgo\Log.h">
      <Filter>Gorgo</Filter>
    </ClInclude>
    <ClInclude Include="src\Math\Vector.h">
      <Filter>Math</Filter>
    </ClInclude>
    <ClInclude Include="src\grgpch.h" />
  </ItemGroup>
  <ItemGroup>
    <ClCompile Include="src\Gorgo\Application.cpp">
      <Filter>Gorgo</Filter>
    </ClCompile>
    <ClCompile Include="src\Gorgo\Log.cpp">
      <Filter>Gorgo</Filter>
    </ClCompile>
    <ClCompile Include="src\Math\Vector.cpp">
      <Filter>Math</Filter>
    </ClCompile>
    <ClCompile Include="src\grgpch.cpp" />
  </ItemGroup>
</Project>